
Microsoft Visual Studio Solution File, Format Version 12.00
# Visual Studio 15
VisualStudioVersion = 15.0.27130.2036
MinimumVisualStudioVersion = 10.0.40219.1
Project("{FAE04EC0-301F-11D3-BF4B-00C04F79EFBC}") = "GuessingNumberGame", "GuessingNumberGame\GuessingNumberGame.csproj", "{F01B1C89-1D78-49FB-8FD8-CDB3039A88E5}"
EndProject
Global
	GlobalSection(SolutionConfigurationPlatforms) = preSolution
		Debug|Any CPU = Debug|Any CPU
		Release|Any CPU = Release|Any CPU
	EndGlobalSection
	GlobalSection(ProjectConfigurationPlatforms) = postSolution
		{F01B1C89-1D78-49FB-8FD8-CDB3039A88E5}.Debug|Any CPU.ActiveCfg = Debug|Any CPU
		{F01B1C89-1D78-49FB-8FD8-CDB3039A88E5}.Debug|Any CPU.Build.0 = Debug|Any CPU
		{F01B1C89-1D78-49FB-8FD8-CDB3039A88E5}.Release|Any CPU.ActiveCfg = Release|Any CPU
		{F01B1C89-1D78-49FB-8FD8-CDB3039A88E5}.Release|Any CPU.Build.0 = Release|Any CPU
	EndGlobalSection
	GlobalSection(SolutionProperties) = preSolution
		HideSolutionNode = FALSE
	EndGlobalSection
	GlobalSection(ExtensibilityGlobals) = postSolution
		SolutionGuid = {C7755C3F-D4F2-4607-A83E-B0207893E165}
	EndGlobalSection
EndGlobal
